
Microsoft Visual Studio Solution File, Format Version 12.00
# Visual Studio Version 17
VisualStudioVersion = 17.2.32519.379
MinimumVisualStudioVersion = 10.0.40219.1
Project("{9A19103F-16F7-4668-BE54-9A1E7A4F7556}") = "facade_for_decorator", "Decorator\facade_for_decorator.csproj", "{F62002DB-D755-4F50-93E2-BFA5090DE6FB}"
EndProject
Global
	GlobalSection(SolutionConfigurationPlatforms) = preSolution
		Debug|Any CPU = Debug|Any CPU
		Release|Any CPU = Release|Any CPU
	EndGlobalSection
	GlobalSection(ProjectConfigurationPlatforms) = postSolution
		{F62002DB-D755-4F50-93E2-BFA5090DE6FB}.Debug|Any CPU.ActiveCfg = Debug|Any CPU
		{F62002DB-D755-4F50-93E2-BFA5090DE6FB}.Debug|Any CPU.Build.0 = Debug|Any CPU
		{F62002DB-D755-4F50-93E2-BFA5090DE6FB}.Release|Any CPU.ActiveCfg = Release|Any CPU
		{F62002DB-D755-4F50-93E2-BFA5090DE6FB}.Release|Any CPU.Build.0 = Release|Any CPU
	EndGlobalSection
	GlobalSection(SolutionProperties) = preSolution
		HideSolutionNode = FALSE
	EndGlobalSection
	GlobalSection(ExtensibilityGlobals) = postSolution
		SolutionGuid = {8A1AE779-8CD1-4108-948B-E8AF0DF0B439}
	EndGlobalSection
EndGlobal
